
Microsoft Visual Studio Solution File, Format Version 12.00
# Visual Studio Version 17
VisualStudioVersion = 17.13.35919.96 d17.13
MinimumVisualStudioVersion = 10.0.40219.1
Project("{2150E333-8FDC-42A3-9474-1A3956D46DE8}") = "Jewellery", "Jewellery", "{02EA681E-C7D8-13C7-8484-4AC65E1B71E8}"
EndProject
Project("{FAE04EC0-301F-11D3-BF4B-00C04F79EFBC}") = "Jewellery.API", "Jewellery.API\Jewellery.API.csproj", "{E1FE3C0F-3262-41AC-83DB-B1B4E6EEDF46}"
EndProject
Project("{FAE04EC0-301F-11D3-BF4B-00C04F79EFBC}") = "Jewellery.Domain", "Jewellery.Domain\Jewellery.Domain.csproj", "{C6CBD530-F922-4733-B5C4-75FC2FF6AEEB}"
EndProject
Project("{FAE04EC0-301F-11D3-BF4B-00C04F79EFBC}") = "Jewellery.Application", "Jewellery.Application\Jewellery.Application.csproj", "{4AF364D3-6DDE-472E-9C6D-EDBA4969B2C3}"
EndProject
Project("{FAE04EC0-301F-11D3-BF4B-00C04F79EFBC}") = "Jewellery.Infrastructure", "Jewellery.Infrastructure\Jewellery.Infrastructure.csproj", "{474B9C5D-C384-4CD9-88A6-44008F5A9305}"
EndProject
Global
	GlobalSection(SolutionConfigurationPlatforms) = preSolution
		Debug|Any CPU = Debug|Any CPU
		Release|Any CPU = Release|Any CPU
	EndGlobalSection
	GlobalSection(ProjectConfigurationPlatforms) = postSolution
		{E1FE3C0F-3262-41AC-83DB-B1B4E6EEDF46}.Debug|Any CPU.ActiveCfg = Debug|Any CPU
		{E1FE3C0F-3262-41AC-83DB-B1B4E6EEDF46}.Debug|Any CPU.Build.0 = Debug|Any CPU
		{E1FE3C0F-3262-41AC-83DB-B1B4E6EEDF46}.Release|Any CPU.ActiveCfg = Release|Any CPU
		{E1FE3C0F-3262-41AC-83DB-B1B4E6EEDF46}.Release|Any CPU.Build.0 = Release|Any CPU
		{C6CBD530-F922-4733-B5C4-75FC2FF6AEEB}.Debug|Any CPU.ActiveCfg = Debug|Any CPU
		{C6CBD530-F922-4733-B5C4-75FC2FF6AEEB}.Debug|Any CPU.Build.0 = Debug|Any CPU
		{C6CBD530-F922-4733-B5C4-75FC2FF6AEEB}.Release|Any CPU.ActiveCfg = Release|Any CPU
		{C6CBD530-F922-4733-B5C4-75FC2FF6AEEB}.Release|Any CPU.Build.0 = Release|Any CPU
		{4AF364D3-6DDE-472E-9C6D-EDBA4969B2C3}.Debug|Any CPU.ActiveCfg = Debug|Any CPU
		{4AF364D3-6DDE-472E-9C6D-EDBA4969B2C3}.Debug|Any CPU.Build.0 = Debug|Any CPU
		{4AF364D3-6DDE-472E-9C6D-EDBA4969B2C3}.Release|Any CPU.ActiveCfg = Release|Any CPU
		{4AF364D3-6DDE-472E-9C6D-EDBA4969B2C3}.Release|Any CPU.Build.0 = Release|Any CPU
		{474B9C5D-C384-4CD9-88A6-44008F5A9305}.Debug|Any CPU.ActiveCfg = Debug|Any CPU
		{474B9C5D-C384-4CD9-88A6-44008F5A9305}.Debug|Any CPU.Build.0 = Debug|Any CPU
		{474B9C5D-C384-4CD9-88A6-44008F5A9305}.Release|Any CPU.ActiveCfg = Release|Any CPU
		{474B9C5D-C384-4CD9-88A6-44008F5A9305}.Release|Any CPU.Build.0 = Release|Any CPU
	EndGlobalSection
	GlobalSection(SolutionProperties) = preSolution
		HideSolutionNode = FALSE
	EndGlobalSection
	GlobalSection(NestedProjects) = preSolution
		{E1FE3C0F-3262-41AC-83DB-B1B4E6EEDF46} = {02EA681E-C7D8-13C7-8484-4AC65E1B71E8}
		{C6CBD530-F922-4733-B5C4-75FC2FF6AEEB} = {02EA681E-C7D8-13C7-8484-4AC65E1B71E8}
		{4AF364D3-6DDE-472E-9C6D-EDBA4969B2C3} = {02EA681E-C7D8-13C7-8484-4AC65E1B71E8}
		{474B9C5D-C384-4CD9-88A6-44008F5A9305} = {02EA681E-C7D8-13C7-8484-4AC65E1B71E8}
	EndGlobalSection
	GlobalSection(ExtensibilityGlobals) = postSolution
		SolutionGuid = {BBACCEE5-E6E6-4C6E-AE3B-3EF8A427F7CA}
	EndGlobalSection
EndGlobal
